
Microsoft Visual Studio Solution File, Format Version 12.00
# Visual Studio Version 16
VisualStudioVersion = 16.0.31624.102
MinimumVisualStudioVersion = 10.0.40219.1
Project("{FAE04EC0-301F-11D3-BF4B-00C04F79EFBC}") = "ConsoleSerializeJSON", "ConsoleSerializeJSON\ConsoleSerializeJSON.csproj", "{C7971178-7EFF-4F87-BDFD-193458272A9B}"
EndProject
Global
	GlobalSection(SolutionConfigurationPlatforms) = preSolution
		Debug|Any CPU = Debug|Any CPU
		Release|Any CPU = Release|Any CPU
	EndGlobalSection
	GlobalSection(ProjectConfigurationPlatforms) = postSolution
		{C7971178-7EFF-4F87-BDFD-193458272A9B}.Debug|Any CPU.ActiveCfg = Debug|Any CPU
		{C7971178-7EFF-4F87-BDFD-193458272A9B}.Debug|Any CPU.Build.0 = Debug|Any CPU
		{C7971178-7EFF-4F87-BDFD-193458272A9B}.Release|Any CPU.ActiveCfg = Release|Any CPU
		{C7971178-7EFF-4F87-BDFD-193458272A9B}.Release|Any CPU.Build.0 = Release|Any CPU
	EndGlobalSection
	GlobalSection(SolutionProperties) = preSolution
		HideSolutionNode = FALSE
	EndGlobalSection
	GlobalSection(ExtensibilityGlobals) = postSolution
		SolutionGuid = {C5164191-E077-4D3F-8F25-1D97C23FDAA0}
	EndGlobalSection
EndGlobal
